
Microsoft Visual Studio Solution File, Format Version 12.00
# Visual Studio 15
VisualStudioVersion = 15.0.27004.2009
MinimumVisualStudioVersion = 10.0.40219.1
Project("{FAE04EC0-301F-11D3-BF4B-00C04F79EFBC}") = "DDD-Aggregates.Domain", "DDD-Aggregates.Domain\DDD-Aggregates.Domain.csproj", "{EF93FFCD-E9AB-48E9-8ED6-1E7720AB4603}"
EndProject
Project("{FAE04EC0-301F-11D3-BF4B-00C04F79EFBC}") = "DDD-Aggregates.Console", "DDD-Aggregates.Console\DDD-Aggregates.Console.csproj", "{2C77372B-1008-4507-B81D-1FC428D6CBE3}"
EndProject
Global
	GlobalSection(SolutionConfigurationPlatforms) = preSolution
		Debug|Any CPU = Debug|Any CPU
		Release|Any CPU = Release|Any CPU
	EndGlobalSection
	GlobalSection(ProjectConfigurationPlatforms) = postSolution
		{EF93FFCD-E9AB-48E9-8ED6-1E7720AB4603}.Debug|Any CPU.ActiveCfg = Debug|Any CPU
		{EF93FFCD-E9AB-48E9-8ED6-1E7720AB4603}.Debug|Any CPU.Build.0 = Debug|Any CPU
		{EF93FFCD-E9AB-48E9-8ED6-1E7720AB4603}.Release|Any CPU.ActiveCfg = Release|Any CPU
		{EF93FFCD-E9AB-48E9-8ED6-1E7720AB4603}.Release|Any CPU.Build.0 = Release|Any CPU
		{2C77372B-1008-4507-B81D-1FC428D6CBE3}.Debug|Any CPU.ActiveCfg = Debug|Any CPU
		{2C77372B-1008-4507-B81D-1FC428D6CBE3}.Debug|Any CPU.Build.0 = Debug|Any CPU
		{2C77372B-1008-4507-B81D-1FC428D6CBE3}.Release|Any CPU.ActiveCfg = Release|Any CPU
		{2C77372B-1008-4507-B81D-1FC428D6CBE3}.Release|Any CPU.Build.0 = Release|Any CPU
	EndGlobalSection
	GlobalSection(SolutionProperties) = preSolution
		HideSolutionNode = FALSE
	EndGlobalSection
	GlobalSection(ExtensibilityGlobals) = postSolution
		SolutionGuid = {DAC1984E-F2CE-43EA-BF15-E448EC48383C}
	EndGlobalSection
EndGlobal
